
Microsoft Visual Studio Solution File, Format Version 12.00
# Visual Studio 15
VisualStudioVersion = 15.0.26730.16
MinimumVisualStudioVersion = 10.0.40219.1
Project("{FAE04EC0-301F-11D3-BF4B-00C04F79EFBC}") = "Test", "Test\Test.csproj", "{79CCA252-36CB-47A5-8095-C4B6D22E676D}"
EndProject
Global
	GlobalSection(SolutionConfigurationPlatforms) = preSolution
		Debug|Any CPU = Debug|Any CPU
		Release|Any CPU = Release|Any CPU
	EndGlobalSection
	GlobalSection(ProjectConfigurationPlatforms) = postSolution
		{79CCA252-36CB-47A5-8095-C4B6D22E676D}.Debug|Any CPU.ActiveCfg = Debug|Any CPU
		{79CCA252-36CB-47A5-8095-C4B6D22E676D}.Debug|Any CPU.Build.0 = Debug|Any CPU
		{79CCA252-36CB-47A5-8095-C4B6D22E676D}.Release|Any CPU.ActiveCfg = Release|Any CPU
		{79CCA252-36CB-47A5-8095-C4B6D22E676D}.Release|Any CPU.Build.0 = Release|Any CPU
	EndGlobalSection
	GlobalSection(SolutionProperties) = preSolution
		HideSolutionNode = FALSE
	EndGlobalSection
	GlobalSection(ExtensibilityGlobals) = postSolution
		SolutionGuid = {0B74385E-9EB0-4C74-9A4C-1BE69AEDBDE9}
	EndGlobalSection
EndGlobal
